<Solution>
  <Folder Name="/Data/">
    <Project Path="CodeArena.Data/CodeArena.Data.csproj" />
  </Folder>
  <Folder Name="/Services/">
    <Project Path="CodeArena.Services/CodeArena.Services.csproj" />
  </Folder>
  <Folder Name="/Web/">
    <Project Path="CodeArena.Web/CodeArena.Web.csproj" />
  </Folder>
  <Project Path="CodeArena.Common/CodeArena.Common.csproj" Id="49b3ea95-0e41-4113-90dd-8081e2bd36eb" />
</Solution>
